// !$*UTF8*$!
{
	archiveVersion = 1;
	classes = {
	};
	objectVersion = 56;
	objects = {

/* Begin PBXBuildFile section */
		A3152EB12C4B8468001B9B44 /* HeartRateApp.swift in Sources */ = {isa = PBXBuildFile; fileRef = A3152EB02C4B8468001B9B44 /* HeartRateApp.swift */; };
		A3152EB32C4B8468001B9B44 /* ContentView.swift in Sources */ = {isa = PBXBuildFile; fileRef = A3152EB22C4B8468001B9B44 /* ContentView.swift */; };
		A3152EB52C4B846A001B9B44 /* Assets.xcassets in Resources */ = {isa = PBXBuildFile; fileRef = A3152EB42C4B846A001B9B44 /* Assets.xcassets */; };
		A3152EB82C4B846A001B9B44 /* Preview Assets.xcassets in Resources */ = {isa = PBXBuildFile; fileRef = A3152EB72C4B846A001B9B44 /* Preview Assets.xcassets */; };
		A3152EBE2C4B846A001B9B44 /* HeartRate Watch App.app in Embed Watch Content */ = {isa = PBXBuildFile; fileRef = A3152EBD2C4B846A001B9B44 /* HeartRate Watch App.app */; settings = {ATTRIBUTES = (RemoveHeadersOnCopy, ); }; };
		A3152EC32C4B846A001B9B44 /* HeartRateApp.swift in Sources */ = {isa = PBXBuildFile; fileRef = A3152EC22C4B846A001B9B44 /* HeartRateApp.swift */; };
		A3152EC52C4B846A001B9B44 /* ContentView.swift in Sources */ = {isa = PBXBuildFile; fileRef = A3152EC42C4B846A001B9B44 /* ContentView.swift */; };
		A3152EC72C4B846B001B9B44 /* Assets.xcassets in Resources */ = {isa = PBXBuildFile; fileRef = A3152EC62C4B846B001B9B44 /* Assets.xcassets */; };
		A3152ECA2C4B846B001B9B44 /* Preview Assets.xcassets in Resources */ = {isa = PBXBuildFile; fileRef = A3152EC92C4B846B001B9B44 /* Preview Assets.xcassets */; };
/* End PBXBuildFile section */

/* Begin PBXContainerItemProxy section */
		A3152EBF2C4B846A001B9B44 /* PBXContainerItemProxy */ = {
			isa = PBXContainerItemProxy;
			containerPortal = A3152EA52C4B8468001B9B44 /* Project object */;
			proxyType = 1;
			remoteGlobalIDString = A3152EBC2C4B846A001B9B44;
			remoteInfo = "HeartRate Watch App";
		};
/* End PBXContainerItemProxy section */

/* Begin PBXCopyFilesBuildPhase section */
		A3152ED02C4B846B001B9B44 /* Embed Watch Content */ = {
			isa = PBXCopyFilesBuildPhase;
			buildActionMask = 2147483647;
			dstPath = "$(CONTENTS_FOLDER_PATH)/Watch";
			dstSubfolderSpec = 16;
			files = (
				A3152EBE2C4B846A001B9B44 /* HeartRate Watch App.app in Embed Watch Content */,
			);
			name = "Embed Watch Content";
			runOnlyForDeploymentPostprocessing = 0;
		};
/* End PBXCopyFilesBuildPhase section */

/* Begin PBXFileReference section */
		A3152EAD2C4B8468001B9B44 /* HeartRate.app */ = {isa = PBXFileReference; explicitFileType = wrapper.application; includeInIndex = 0; path = HeartRate.app; sourceTree = BUILT_PRODUCTS_DIR; };
		A3152EB02C4B8468001B9B44 /* HeartRateApp.swift */ = {isa = PBXFileReference; lastKnownFileType = sourcecode.swift; path = HeartRateApp.swift; sourceTree = "<group>"; };
		A3152EB22C4B8468001B9B44 /* ContentView.swift */ = {isa = PBXFileReference; lastKnownFileType = sourcecode.swift; path = ContentView.swift; sourceTree = "<group>"; };
		A3152EB42C4B846A001B9B44 /* Assets.xcassets */ = {isa = PBXFileReference; lastKnownFileType = folder.assetcatalog; path = Assets.xcassets; sourceTree = "<group>"; };
		A3152EB72C4B846A001B9B44 /* Preview Assets.xcassets */ = {isa = PBXFileReference; lastKnownFileType = folder.assetcatalog; path = "Preview Assets.xcassets"; sourceTree = "<group>"; };
		A3152EBD2C4B846A001B9B44 /* HeartRate Watch App.app */ = {isa = PBXFileReference; explicitFileType = wrapper.application; includeInIndex = 0; path = "HeartRate Watch App.app"; sourceTree = BUILT_PRODUCTS_DIR; };
		A3152EC22C4B846A001B9B44 /* HeartRateApp.swift */ = {isa = PBXFileReference; lastKnownFileType = sourcecode.swift; path = HeartRateApp.swift; sourceTree = "<group>"; };
		A3152EC42C4B846A001B9B44 /* ContentView.swift */ = {isa = PBXFileReference; lastKnownFileType = sourcecode.swift; path = ContentView.swift; sourceTree = "<group>"; };
		A3152EC62C4B846B001B9B44 /* Assets.xcassets */ = {isa = PBXFileReference; lastKnownFileType = folder.assetcatalog; path = Assets.xcassets; sourceTree = "<group>"; };
		A3152EC92C4B846B001B9B44 /* Preview Assets.xcassets */ = {isa = PBXFileReference; lastKnownFileType = folder.assetcatalog; path = "Preview Assets.xcassets"; sourceTree = "<group>"; };
		A3152ED42C4B853A001B9B44 /* HeartRate Watch App.entitlements */ = {isa = PBXFileReference; lastKnownFileType = text.plist.entitlements; path = "HeartRate Watch App.entitlements"; sourceTree = "<group>"; };
		A3152ED52C4B8545001B9B44 /* HeartRate.entitlements */ = {isa = PBXFileReference; lastKnownFileType = text.plist.entitlements; path = HeartRate.entitlements; sourceTree = "<group>"; };
		A3152ED62C4BF603001B9B44 /* HeartRate-Watch-App-Info.plist */ = {isa = PBXFileReference; lastKnownFileType = text.plist; path = "HeartRate-Watch-App-Info.plist"; sourceTree = SOURCE_ROOT; };
/* End PBXFileReference section */

/* Begin PBXFrameworksBuildPhase section */
		A3152EAA2C4B8468001B9B44 /* Frameworks */ = {
			isa = PBXFrameworksBuildPhase;
			buildActionMask = 2147483647;
			files = (
			);
			runOnlyForDeploymentPostprocessing = 0;
		};
		A3152EBA2C4B846A001B9B44 /* Frameworks */ = {
			isa = PBXFrameworksBuildPhase;
			buildActionMask = 2147483647;
			files = (
			);
			runOnlyForDeploymentPostprocessing = 0;
		};
/* End PBXFrameworksBuildPhase section */

/* Begin PBXGroup section */
		A3152EA42C4B8468001B9B44 = {
			isa = PBXGroup;
			children = (
				A3152EAF2C4B8468001B9B44 /* HeartRate */,
				A3152EC12C4B846A001B9B44 /* HeartRate Watch App */,
				A3152EAE2C4B8468001B9B44 /* Products */,
			);
			sourceTree = "<group>";
		};
		A3152EAE2C4B8468001B9B44 /* Products */ = {
			isa = PBXGroup;
			children = (
				A3152EAD2C4B8468001B9B44 /* HeartRate.app */,
				A3152EBD2C4B846A001B9B44 /* HeartRate Watch App.app */,
			);
			name = Products;
			sourceTree = "<group>";
		};
		A3152EAF2C4B8468001B9B44 /* HeartRate */ = {
			isa = PBXGroup;
			children = (
				A3152ED52C4B8545001B9B44 /* HeartRate.entitlements */,
				A3152EB02C4B8468001B9B44 /* HeartRateApp.swift */,
				A3152EB22C4B8468001B9B44 /* ContentView.swift */,
				A3152EB42C4B846A001B9B44 /* Assets.xcassets */,
				A3152EB62C4B846A001B9B44 /* Preview Content */,
			);
			path = HeartRate;
			sourceTree = "<group>";
		};
		A3152EB62C4B846A001B9B44 /* Preview Content */ = {
			isa = PBXGroup;
			children = (
				A3152EB72C4B846A001B9B44 /* Preview Assets.xcassets */,
			);
			path = "Preview Content";
			sourceTree = "<group>";
		};
		A3152EC12C4B846A001B9B44 /* HeartRate Watch App */ = {
			isa = PBXGroup;
			children = (
				A3152ED62C4BF603001B9B44 /* HeartRate-Watch-App-Info.plist */,
				A3152ED42C4B853A001B9B44 /* HeartRate Watch App.entitlements */,
				A3152EC22C4B846A001B9B44 /* HeartRateApp.swift */,
				A3152EC42C4B846A001B9B44 /* ContentView.swift */,
				A3152EC62C4B846B001B9B44 /* Assets.xcassets */,
				A3152EC82C4B846B001B9B44 /* Preview Content */,
			);
			path = "HeartRate Watch App";
			sourceTree = "<group>";
		};
		A3152EC82C4B846B001B9B44 /* Preview Content */ = {
			isa = PBXGroup;
			children = (
				A3152EC92C4B846B001B9B44 /* Preview Assets.xcassets */,
			);
			path = "Preview Content";
			sourceTree = "<group>";
		};
/* End PBXGroup section */

/* Begin PBXNativeTarget section */
		A3152EAC2C4B8468001B9B44 /* HeartRate */ = {
			isa = PBXNativeTarget;
			buildConfigurationList = A3152ED12C4B846B001B9B44 /* Build configuration list for PBXNativeTarget "HeartRate" */;
			buildPhases = (
				A3152EA92C4B8468001B9B44 /* Sources */,
				A3152EAA2C4B8468001B9B44 /* Frameworks */,
				A3152EAB2C4B8468001B9B44 /* Resources */,
				A3152ED02C4B846B001B9B44 /* Embed Watch Content */,
			);
			buildRules = (
			);
			dependencies = (
				A3152EC02C4B846A001B9B44 /* PBXTargetDependency */,
			);
			name = HeartRate;
			productName = HeartRate;
			productReference = A3152EAD2C4B8468001B9B44 /* HeartRate.app */;
			productType = "com.apple.product-type.application";
		};
		A3152EBC2C4B846A001B9B44 /* HeartRate Watch App */ = {
			isa = PBXNativeTarget;
			buildConfigurationList = A3152ECD2C4B846B001B9B44 /* Build configuration list for PBXNativeTarget "HeartRate Watch App" */;
			buildPhases = (
				A3152EB92C4B846A001B9B44 /* Sources */,
				A3152EBA2C4B846A001B9B44 /* Frameworks */,
				A3152EBB2C4B846A001B9B44 /* Resources */,
			);
			buildRules = (
			);
			dependencies = (
			);
			name = "HeartRate Watch App";
			productName = "HeartRate Watch App";
			productReference = A3152EBD2C4B846A001B9B44 /* HeartRate Watch App.app */;
			productType = "com.apple.product-type.application";
		};
/* End PBXNativeTarget section */

/* Begin PBXProject section */
		A3152EA52C4B8468001B9B44 /* Project object */ = {
			isa = PBXProject;
			attributes = {
				BuildIndependentTargetsInParallel = 1;
				LastSwiftUpdateCheck = 1540;
				LastUpgradeCheck = 1540;
				TargetAttributes = {
					A3152EAC2C4B8468001B9B44 = {
						CreatedOnToolsVersion = 15.4;
					};
					A3152EBC2C4B846A001B9B44 = {
						CreatedOnToolsVersion = 15.4;
					};
				};
			};
			buildConfigurationList = A3152EA82C4B8468001B9B44 /* Build configuration list for PBXProject "HeartRate" */;
			compatibilityVersion = "Xcode 14.0";
			developmentRegion = en;
			hasScannedForEncodings = 0;
			knownRegions = (
				en,
				Base,
			);
			mainGroup = A3152EA42C4B8468001B9B44;
			productRefGroup = A3152EAE2C4B8468001B9B44 /* Products */;
			projectDirPath = "";
			projectRoot = "";
			targets = (
				A3152EAC2C4B8468001B9B44 /* HeartRate */,
				A3152EBC2C4B846A001B9B44 /* HeartRate Watch App */,
			);
		};
/* End PBXProject section */

/* Begin PBXResourcesBuildPhase section */
		A3152EAB2C4B8468001B9B44 /* Resources */ = {
			isa = PBXResourcesBuildPhase;
			buildActionMask = 2147483647;
			files = (
				A3152EB82C4B846A001B9B44 /* Preview Assets.xcassets in Resources */,
				A3152EB52C4B846A001B9B44 /* Assets.xcassets in Resources */,
			);
			runOnlyForDeploymentPostprocessing = 0;
		};
		A3152EBB2C4B846A001B9B44 /* Resources */ = {
			isa = PBXResourcesBuildPhase;
			buildActionMask = 2147483647;
			files = (
				A3152ECA2C4B846B001B9B44 /* Preview Assets.xcassets in Resources */,
				A3152EC72C4B846B001B9B44 /* Assets.xcassets in Resources */,
			);
			runOnlyForDeploymentPostprocessing = 0;
		};
/* End PBXResourcesBuildPhase section */

/* Begin PBXSourcesBuildPhase section */
		A3152EA92C4B8468001B9B44 /* Sources */ = {
			isa = PBXSourcesBuildPhase;
			buildActionMask = 2147483647;
			files = (
				A3152EB32C4B8468001B9B44 /* ContentView.swift in Sources */,
				A3152EB12C4B8468001B9B44 /* HeartRateApp.swift in Sources */,
			);
			runOnlyForDeploymentPostprocessing = 0;
		};
		A3152EB92C4B846A001B9B44 /* Sources */ = {
			isa = PBXSourcesBuildPhase;
			buildActionMask = 2147483647;
			files = (
				A3152EC52C4B846A001B9B44 /* ContentView.swift in Sources */,
				A3152EC32C4B846A001B9B44 /* HeartRateApp.swift in Sources */,
			);
			runOnlyForDeploymentPostprocessing = 0;
		};
/* End PBXSourcesBuildPhase section */

/* Begin PBXTargetDependency section */
		A3152EC02C4B846A001B9B44 /* PBXTargetDependency */ = {
			isa = PBXTargetDependency;
			target = A3152EBC2C4B846A001B9B44 /* HeartRate Watch App */;
			targetProxy = A3152EBF2C4B846A001B9B44 /* PBXContainerItemProxy */;
		};
/* End PBXTargetDependency section */

/* Begin XCBuildConfiguration section */
		A3152ECB2C4B846B001B9B44 /* Debug */ = {
			isa = XCBuildConfiguration;
			buildSettings = {
				ALWAYS_SEARCH_USER_PATHS = NO;
				ASSETCATALOG_COMPILER_GENERATE_SWIFT_ASSET_SYMBOL_EXTENSIONS = YES;
				CLANG_ANALYZER_NONNULL = YES;
				CLANG_ANALYZER_NUMBER_OBJECT_CONVERSION = YES_AGGRESSIVE;
				CLANG_CXX_LANGUAGE_STANDARD = "gnu++20";
				CLANG_ENABLE_MODULES = YES;
				CLANG_ENABLE_OBJC_ARC = YES;
				CLANG_ENABLE_OBJC_WEAK = YES;
				CLANG_WARN_BLOCK_CAPTURE_AUTORELEASING = YES;
				CLANG_WARN_BOOL_CONVERSION = YES;
				CLANG_WARN_COMMA = YES;
				CLANG_WARN_CONSTANT_CONVERSION = YES;
				CLANG_WARN_DEPRECATED_OBJC_IMPLEMENTATIONS = YES;
				CLANG_WARN_DIRECT_OBJC_ISA_USAGE = YES_ERROR;
				CLANG_WARN_DOCUMENTATION_COMMENTS = YES;
				CLANG_WARN_EMPTY_BODY = YES;
				CLANG_WARN_ENUM_CONVERSION = YES;
				CLANG_WARN_INFINITE_RECURSION = YES;
				CLANG_WARN_INT_CONVERSION = YES;
				CLANG_WARN_NON_LITERAL_NULL_CONVERSION = YES;
				CLANG_WARN_OBJC_IMPLICIT_RETAIN_SELF = YES;
				CLANG_WARN_OBJC_LITERAL_CONVERSION = YES;
				CLANG_WARN_OBJC_ROOT_CLASS = YES_ERROR;
				CLANG_WARN_QUOTED_INCLUDE_IN_FRAMEWORK_HEADER = YES;
				CLANG_WARN_RANGE_LOOP_ANALYSIS = YES;
				CLANG_WARN_STRICT_PROTOTYPES = YES;
				CLANG_WARN_SUSPICIOUS_MOVE = YES;
				CLANG_WARN_UNGUARDED_AVAILABILITY = YES_AGGRESSIVE;
				CLANG_WARN_UNREACHABLE_CODE = YES;
				CLANG_WARN__DUPLICATE_METHOD_MATCH = YES;
				COPY_PHASE_STRIP = NO;
				DEBUG_INFORMATION_FORMAT = dwarf;
				ENABLE_STRICT_OBJC_MSGSEND = YES;
				ENABLE_TESTABILITY = YES;
				ENABLE_USER_SCRIPT_SANDBOXING = YES;
				GCC_C_LANGUAGE_STANDARD = gnu17;
				GCC_DYNAMIC_NO_PIC = NO;
				GCC_NO_COMMON_BLOCKS = YES;
				GCC_OPTIMIZATION_LEVEL = 0;
				GCC_PREPROCESSOR_DEFINITIONS = (
					"DEBUG=1",
					"$(inherited)",
				);
				GCC_WARN_64_TO_32_BIT_CONVERSION = YES;
				GCC_WARN_ABOUT_RETURN_TYPE = YES_ERROR;
				GCC_WARN_UNDECLARED_SELECTOR = YES;
				GCC_WARN_UNINITIALIZED_AUTOS = YES_AGGRESSIVE;
				GCC_WARN_UNUSED_FUNCTION = YES;
				GCC_WARN_UNUSED_VARIABLE = YES;
				LOCALIZATION_PREFERS_STRING_CATALOGS = YES;
				MTL_ENABLE_DEBUG_INFO = INCLUDE_SOURCE;
				MTL_FAST_MATH = YES;
				ONLY_ACTIVE_ARCH = YES;
				SWIFT_ACTIVE_COMPILATION_CONDITIONS = "DEBUG $(inherited)";
				SWIFT_OPTIMIZATION_LEVEL = "-Onone";
			};
			name = Debug;
		};
		A3152ECC2C4B846B001B9B44 /* Release */ = {
			isa = XCBuildConfiguration;
			buildSettings = {
				ALWAYS_SEARCH_USER_PATHS = NO;
				ASSETCATALOG_COMPILER_GENERATE_SWIFT_ASSET_SYMBOL_EXTENSIONS = YES;
				CLANG_ANALYZER_NONNULL = YES;
				CLANG_ANALYZER_NUMBER_OBJECT_CONVERSION = YES_AGGRESSIVE;
				CLANG_CXX_LANGUAGE_STANDARD = "gnu++20";
				CLANG_ENABLE_MODULES = YES;
				CLANG_ENABLE_OBJC_ARC = YES;
				CLANG_ENABLE_OBJC_WEAK = YES;
				CLANG_WARN_BLOCK_CAPTURE_AUTORELEASING = YES;
				CLANG_WARN_BOOL_CONVERSION = YES;
				CLANG_WARN_COMMA = YES;
				CLANG_WARN_CONSTANT_CONVERSION = YES;
				CLANG_WARN_DEPRECATED_OBJC_IMPLEMENTATIONS = YES;
				CLANG_WARN_DIRECT_OBJC_ISA_USAGE = YES_ERROR;
				CLANG_WARN_DOCUMENTATION_COMMENTS = YES;
				CLANG_WARN_EMPTY_BODY = YES;
				CLANG_WARN_ENUM_CONVERSION = YES;
				CLANG_WARN_INFINITE_RECURSION = YES;
				CLANG_WARN_INT_CONVERSION = YES;
				CLANG_WARN_NON_LITERAL_NULL_CONVERSION = YES;
				CLANG_WARN_OBJC_IMPLICIT_RETAIN_SELF = YES;
				CLANG_WARN_OBJC_LITERAL_CONVERSION = YES;
				CLANG_WARN_OBJC_ROOT_CLASS = YES_ERROR;
				CLANG_WARN_QUOTED_INCLUDE_IN_FRAMEWORK_HEADER = YES;
				CLANG_WARN_RANGE_LOOP_ANALYSIS = YES;
				CLANG_WARN_STRICT_PROTOTYPES = YES;
				CLANG_WARN_SUSPICIOUS_MOVE = YES;
				CLANG_WARN_UNGUARDED_AVAILABILITY = YES_AGGRESSIVE;
				CLANG_WARN_UNREACHABLE_CODE = YES;
				CLANG_WARN__DUPLICATE_METHOD_MATCH = YES;
				COPY_PHASE_STRIP = NO;
				DEBUG_INFORMATION_FORMAT = "dwarf-with-dsym";
				ENABLE_NS_ASSERTIONS = NO;
				ENABLE_STRICT_OBJC_MSGSEND = YES;
				ENABLE_USER_SCRIPT_SANDBOXING = YES;
				GCC_C_LANGUAGE_STANDARD = gnu17;
				GCC_NO_COMMON_BLOCKS = YES;
				GCC_WARN_64_TO_32_BIT_CONVERSION = YES;
				GCC_WARN_ABOUT_RETURN_TYPE = YES_ERROR;
				GCC_WARN_UNDECLARED_SELECTOR = YES;
				GCC_WARN_UNINITIALIZED_AUTOS = YES_AGGRESSIVE;
				GCC_WARN_UNUSED_FUNCTION = YES;
				GCC_WARN_UNUSED_VARIABLE = YES;
				LOCALIZATION_PREFERS_STRING_CATALOGS = YES;
				MTL_ENABLE_DEBUG_INFO = NO;
				MTL_FAST_MATH = YES;
				SWIFT_COMPILATION_MODE = wholemodule;
			};
			name = Release;
		};
		A3152ECE2C4B846B001B9B44 /* Debug */ = {
			isa = XCBuildConfiguration;
			buildSettings = {
				ASSETCATALOG_COMPILER_APPICON_NAME = AppIcon;
				ASSETCATALOG_COMPILER_GLOBAL_ACCENT_COLOR_NAME = AccentColor;
				CODE_SIGN_ENTITLEMENTS = "HeartRate Watch App/HeartRate Watch App.entitlements";
				CODE_SIGN_STYLE = Automatic;
				CURRENT_PROJECT_VERSION = 1;
				DEVELOPMENT_ASSET_PATHS = "\"HeartRate Watch App/Preview Content\"";
				DEVELOPMENT_TEAM = 56P29M4JT4;
				ENABLE_PREVIEWS = YES;
				GENERATE_INFOPLIST_FILE = YES;
				INFOPLIST_FILE = "HeartRate-Watch-App-Info.plist";
				INFOPLIST_KEY_CFBundleDisplayName = HeartRate;
				INFOPLIST_KEY_NSHealthClinicalHealthRecordsShareUsageDescription = "for use healthkit";
				INFOPLIST_KEY_NSHealthShareUsageDescription = "for use healthkit";
				INFOPLIST_KEY_NSHealthUpdateUsageDescription = "for use healthkit";
				INFOPLIST_KEY_UISupportedInterfaceOrientations = "UIInterfaceOrientationPortrait UIInterfaceOrientationPortraitUpsideDown";
				INFOPLIST_KEY_WKCompanionAppBundleIdentifier = research.HeartRate;
				LD_RUNPATH_SEARCH_PATHS = (
					"$(inherited)",
					"@executable_path/Frameworks",
				);
				MARKETING_VERSION = 1.0;
				PRODUCT_BUNDLE_IDENTIFIER = research.HeartRate.watchkitapp;
				PRODUCT_NAME = "$(TARGET_NAME)";
				SDKROOT = watchos;
				SKIP_INSTALL = YES;
				SWIFT_EMIT_LOC_STRINGS = YES;
				SWIFT_VERSION = 5.0;
				TARGETED_DEVICE_FAMILY = 4;
				WATCHOS_DEPLOYMENT_TARGET = 10.5;
			};
			name = Debug;
		};
		A3152ECF2C4B846B001B9B44 /* Release */ = {
			isa = XCBuildConfiguration;
			buildSettings = {
				ASSETCATALOG_COMPILER_APPICON_NAME = AppIcon;
				ASSETCATALOG_COMPILER_GLOBAL_ACCENT_COLOR_NAME = AccentColor;
				CODE_SIGN_ENTITLEMENTS = "HeartRate Watch App/HeartRate Watch App.entitlements";
				CODE_SIGN_STYLE = Automatic;
				CURRENT_PROJECT_VERSION = 1;
				DEVELOPMENT_ASSET_PATHS = "\"HeartRate Watch App/Preview Content\"";
				DEVELOPMENT_TEAM = 56P29M4JT4;
				ENABLE_PREVIEWS = YES;
				GENERATE_INFOPLIST_FILE = YES;
				INFOPLIST_FILE = "HeartRate-Watch-App-Info.plist";
				INFOPLIST_KEY_CFBundleDisplayName = HeartRate;
				INFOPLIST_KEY_NSHealthClinicalHealthRecordsShareUsageDescription = "for use healthkit";
				INFOPLIST_KEY_NSHealthShareUsageDescription = "for use healthkit";
				INFOPLIST_KEY_NSHealthUpdateUsageDescription = "for use healthkit";
				INFOPLIST_KEY_UISupportedInterfaceOrientations = "UIInterfaceOrientationPortrait UIInterfaceOrientationPortraitUpsideDown";
				INFOPLIST_KEY_WKCompanionAppBundleIdentifier = research.HeartRate;
				LD_RUNPATH_SEARCH_PATHS = (
					"$(inherited)",
					"@executable_path/Frameworks",
				);
				MARKETING_VERSION = 1.0;
				PRODUCT_BUNDLE_IDENTIFIER = research.HeartRate.watchkitapp;
				PRODUCT_NAME = "$(TARGET_NAME)";
				SDKROOT = watchos;
				SKIP_INSTALL = YES;
				SWIFT_EMIT_LOC_STRINGS = YES;
				SWIFT_VERSION = 5.0;
				TARGETED_DEVICE_FAMILY = 4;
				VALIDATE_PRODUCT = YES;
				WATCHOS_DEPLOYMENT_TARGET = 10.5;
			};
			name = Release;
		};
		A3152ED22C4B846B001B9B44 /* Debug */ = {
			isa = XCBuildConfiguration;
			buildSettings = {
				ALWAYS_EMBED_SWIFT_STANDARD_LIBRARIES = YES;
				ASSETCATALOG_COMPILER_APPICON_NAME = AppIcon;
				ASSETCATALOG_COMPILER_GLOBAL_ACCENT_COLOR_NAME = AccentColor;
				CODE_SIGN_ENTITLEMENTS = HeartRate/HeartRate.entitlements;
				CODE_SIGN_STYLE = Automatic;
				CURRENT_PROJECT_VERSION = 1;
				DEVELOPMENT_ASSET_PATHS = "\"HeartRate/Preview Content\"";
				DEVELOPMENT_TEAM = 56P29M4JT4;
				ENABLE_PREVIEWS = YES;
				GENERATE_INFOPLIST_FILE = YES;
				INFOPLIST_KEY_CFBundleDisplayName = HeartRate;
				INFOPLIST_KEY_NSHealthClinicalHealthRecordsShareUsageDescription = "for use healthkit";
				INFOPLIST_KEY_NSHealthShareUsageDescription = "for use healthkit";
				INFOPLIST_KEY_NSHealthUpdateUsageDescription = "for use healthkit";
				INFOPLIST_KEY_UIApplicationSceneManifest_Generation = YES;
				INFOPLIST_KEY_UIApplicationSupportsIndirectInputEvents = YES;
				INFOPLIST_KEY_UILaunchScreen_Generation = YES;
				INFOPLIST_KEY_UISupportedInterfaceOrientations_iPad = "UIInterfaceOrientationPortrait UIInterfaceOrientationPortraitUpsideDown UIInterfaceOrientationLandscapeLeft UIInterfaceOrientationLandscapeRight";
				INFOPLIST_KEY_UISupportedInterfaceOrientations_iPhone = "UIInterfaceOrientationPortrait UIInterfaceOrientationLandscapeLeft UIInterfaceOrientationLandscapeRight";
				IPHONEOS_DEPLOYMENT_TARGET = 17.5;
				LD_RUNPATH_SEARCH_PATHS = (
					"$(inherited)",
					"@executable_path/Frameworks",
				);
				MARKETING_VERSION = 1.0;
				PRODUCT_BUNDLE_IDENTIFIER = research.HeartRate;
				PRODUCT_NAME = "$(TARGET_NAME)";
				SDKROOT = iphoneos;
				SWIFT_EMIT_LOC_STRINGS = YES;
				SWIFT_VERSION = 5.0;
				TARGETED_DEVICE_FAMILY = "1,2";
			};
			name = Debug;
		};
		A3152ED32C4B846B001B9B44 /* Release */ = {
			isa = XCBuildConfiguration;
			buildSettings = {
				ALWAYS_EMBED_SWIFT_STANDARD_LIBRARIES = YES;
				ASSETCATALOG_COMPILER_APPICON_NAME = AppIcon;
				ASSETCATALOG_COMPILER_GLOBAL_ACCENT_COLOR_NAME = AccentColor;
				CODE_SIGN_ENTITLEMENTS = HeartRate/HeartRate.entitlements;
				CODE_SIGN_STYLE = Automatic;
				CURRENT_PROJECT_VERSION = 1;
				DEVELOPMENT_ASSET_PATHS = "\"HeartRate/Preview Content\"";
				DEVELOPMENT_TEAM = 56P29M4JT4;
				ENABLE_PREVIEWS = YES;
				GENERATE_INFOPLIST_FILE = YES;
				INFOPLIST_KEY_CFBundleDisplayName = HeartRate;
				INFOPLIST_KEY_NSHealthClinicalHealthRecordsShareUsageDescription = "for use healthkit";
				INFOPLIST_KEY_NSHealthShareUsageDescription = "for use healthkit";
				INFOPLIST_KEY_NSHealthUpdateUsageDescription = "for use healthkit";
				INFOPLIST_KEY_UIApplicationSceneManifest_Generation = YES;
				INFOPLIST_KEY_UIApplicationSupportsIndirectInputEvents = YES;
				INFOPLIST_KEY_UILaunchScreen_Generation = YES;
				INFOPLIST_KEY_UISupportedInterfaceOrientations_iPad = "UIInterfaceOrientationPortrait UIInterfaceOrientationPortraitUpsideDown UIInterfaceOrientationLandscapeLeft UIInterfaceOrientationLandscapeRight";
				INFOPLIST_KEY_UISupportedInterfaceOrientations_iPhone = "UIInterfaceOrientationPortrait UIInterfaceOrientationLandscapeLeft UIInterfaceOrientationLandscapeRight";
				IPHONEOS_DEPLOYMENT_TARGET = 17.5;
				LD_RUNPATH_SEARCH_PATHS = (
					"$(inherited)",
					"@executable_path/Frameworks",
				);
				MARKETING_VERSION = 1.0;
				PRODUCT_BUNDLE_IDENTIFIER = research.HeartRate;
				PRODUCT_NAME = "$(TARGET_NAME)";
				SDKROOT = iphoneos;
				SWIFT_EMIT_LOC_STRINGS = YES;
				SWIFT_VERSION = 5.0;
				TARGETED_DEVICE_FAMILY = "1,2";
				VALIDATE_PRODUCT = YES;
			};
			name = Release;
		};
/* End XCBuildConfiguration section */

/* Begin XCConfigurationList section */
		A3152EA82C4B8468001B9B44 /* Build configuration list for PBXProject "HeartRate" */ = {
			isa = XCConfigurationList;
			buildConfigurations = (
				A3152ECB2C4B846B001B9B44 /* Debug */,
				A3152ECC2C4B846B001B9B44 /* Release */,
			);
			defaultConfigurationIsVisible = 0;
			defaultConfigurationName = Release;
		};
		A3152ECD2C4B846B001B9B44 /* Build configuration list for PBXNativeTarget "HeartRate Watch App" */ = {
			isa = XCConfigurationList;
			buildConfigurations = (
				A3152ECE2C4B846B001B9B44 /* Debug */,
				A3152ECF2C4B846B001B9B44 /* Release */,
			);
			defaultConfigurationIsVisible = 0;
			defaultConfigurationName = Release;
		};
		A3152ED12C4B846B001B9B44 /* Build configuration list for PBXNativeTarget "HeartRate" */ = {
			isa = XCConfigurationList;
			buildConfigurations = (
				A3152ED22C4B846B001B9B44 /* Debug */,
				A3152ED32C4B846B001B9B44 /* Release */,
			);
			defaultConfigurationIsVisible = 0;
			defaultConfigurationName = Release;
		};
/* End XCConfigurationList section */
	};
	rootObject = A3152EA52C4B8468001B9B44 /* Project object */;
}
